PODS:
  - DateTime (1.0.0)
  - Nimble (2.0.0-rc.2)
  - Quick (0.5.1)

DEPENDENCIES:
  - DateTime (from `./`)
  - Nimble (from `git@github.com:Quick/Nimble.git`, branch `swift-2.0`)
  - Quick (from `git@github.com:Quick/Quick.git`, branch `swift-2.0`)

EXTERNAL SOURCES:
  DateTime:
    :path: ./
  Nimble:
    :branch: swift-2.0
    :git: git@github.com:Quick/Nimble.git
  Quick:
    :branch: swift-2.0
    :git: git@github.com:Quick/Quick.git

CHECKOUT OPTIONS:
  Nimble:
    :commit: e84623d953d811f74a2afcda4fa0c8121e7dad7d
    :git: git@github.com:Quick/Nimble.git
  Quick:
    :commit: b6e311acc3dc79835969defa52d865f1e9eb3515
    :git: git@github.com:Quick/Quick.git

SPEC CHECKSUMS:
  DateTime: 033c91c23d83743d711ebcfcbb55fd3caf689da0
  Nimble: e3cf5e73a491daf21c2bc88783dbfc55ce8b8e02
  Quick: 7426537a99e75076d6930c5b6da58006e4a9f38a

COCOAPODS: 0.38.2
